// !$*UTF8*$!
{
	archiveVersion = 1;
	classes = {
	};
	objectVersion = 56;
	objects = {

/* Begin PBXBuildFile section */
		2D381BE92A45CCE70099B3EA /* LearnSwiftApp.swift in Sources */ = {isa = PBXBuildFile; fileRef = 2D381BE82A45CCE70099B3EA /* LearnSwiftApp.swift */; };
		2D381BED2A45CCE90099B3EA /* Assets.xcassets in Resources */ = {isa = PBXBuildFile; fileRef = 2D381BEC2A45CCE90099B3EA /* Assets.xcassets */; };
		2D381BF02A45CCE90099B3EA /* Preview Assets.xcassets in Resources */ = {isa = PBXBuildFile; fileRef = 2D381BEF2A45CCE90099B3EA /* Preview Assets.xcassets */; };
		2D381BF72A45CCF30099B3EA /* PickerPlus.swift in Sources */ = {isa = PBXBuildFile; fileRef = 2D381BF62A45CCF30099B3EA /* PickerPlus.swift */; };
		2D381BFB2A45CD1F0099B3EA /* MusicTabs+Color.swift in Sources */ = {isa = PBXBuildFile; fileRef = 2D381BF82A45CD1F0099B3EA /* MusicTabs+Color.swift */; };
		2D381BFC2A45CD1F0099B3EA /* MusicTabs+Image.swift in Sources */ = {isa = PBXBuildFile; fileRef = 2D381BF92A45CD1F0099B3EA /* MusicTabs+Image.swift */; };
		2D381BFD2A45CD1F0099B3EA /* Shape+FillBorder.swift in Sources */ = {isa = PBXBuildFile; fileRef = 2D381BFA2A45CD1F0099B3EA /* Shape+FillBorder.swift */; };
		2D381BFF2A45CD6C0099B3EA /* MusicTabs.swift in Sources */ = {isa = PBXBuildFile; fileRef = 2D381BFE2A45CD6C0099B3EA /* MusicTabs.swift */; };
		2D381C012A45CD800099B3EA /* HorizontalItem.swift in Sources */ = {isa = PBXBuildFile; fileRef = 2D381C002A45CD800099B3EA /* HorizontalItem.swift */; };
		2D608A5E2A45D96700C1ED08 /* ContentView.swift in Sources */ = {isa = PBXBuildFile; fileRef = 2D608A5D2A45D96700C1ED08 /* ContentView.swift */; };
/* End PBXBuildFile section */

/* Begin PBXFileReference section */
		2D381BE52A45CCE70099B3EA /* PickerPlus.app */ = {isa = PBXFileReference; explicitFileType = wrapper.application; includeInIndex = 0; path = PickerPlus.app; sourceTree = BUILT_PRODUCTS_DIR; };
		2D381BE82A45CCE70099B3EA /* LearnSwiftApp.swift */ = {isa = PBXFileReference; lastKnownFileType = sourcecode.swift; path = LearnSwiftApp.swift; sourceTree = "<group>"; };
		2D381BEC2A45CCE90099B3EA /* Assets.xcassets */ = {isa = PBXFileReference; lastKnownFileType = folder.assetcatalog; path = Assets.xcassets; sourceTree = "<group>"; };
		2D381BEF2A45CCE90099B3EA /* Preview Assets.xcassets */ = {isa = PBXFileReference; lastKnownFileType = folder.assetcatalog; path = "Preview Assets.xcassets"; sourceTree = "<group>"; };
		2D381BF62A45CCF30099B3EA /* PickerPlus.swift */ = {isa = PBXFileReference; fileEncoding = 4; lastKnownFileType = sourcecode.swift; path = PickerPlus.swift; sourceTree = "<group>"; };
		2D381BF82A45CD1F0099B3EA /* MusicTabs+Color.swift */ = {isa = PBXFileReference; fileEncoding = 4; lastKnownFileType = sourcecode.swift; path = "MusicTabs+Color.swift"; sourceTree = "<group>"; };
		2D381BF92A45CD1F0099B3EA /* MusicTabs+Image.swift */ = {isa = PBXFileReference; fileEncoding = 4; lastKnownFileType = sourcecode.swift; path = "MusicTabs+Image.swift"; sourceTree = "<group>"; };
		2D381BFA2A45CD1F0099B3EA /* Shape+FillBorder.swift */ = {isa = PBXFileReference; fileEncoding = 4; lastKnownFileType = sourcecode.swift; path = "Shape+FillBorder.swift"; sourceTree = "<group>"; };
		2D381BFE2A45CD6C0099B3EA /* MusicTabs.swift */ = {isa = PBXFileReference; fileEncoding = 4; lastKnownFileType = sourcecode.swift; path = MusicTabs.swift; sourceTree = "<group>"; };
		2D381C002A45CD800099B3EA /* HorizontalItem.swift */ = {isa = PBXFileReference; fileEncoding = 4; lastKnownFileType = sourcecode.swift; path = HorizontalItem.swift; sourceTree = "<group>"; };
		2D608A5D2A45D96700C1ED08 /* ContentView.swift */ = {isa = PBXFileReference; fileEncoding = 4; lastKnownFileType = sourcecode.swift; path = ContentView.swift; sourceTree = "<group>"; };
/* End PBXFileReference section */

/* Begin PBXFrameworksBuildPhase section */
		2D381BE22A45CCE70099B3EA /* Frameworks */ = {
			isa = PBXFrameworksBuildPhase;
			buildActionMask = 2147483647;
			files = (
			);
			runOnlyForDeploymentPostprocessing = 0;
		};
/* End PBXFrameworksBuildPhase section */

/* Begin PBXGroup section */
		2D381BDC2A45CCE70099B3EA = {
			isa = PBXGroup;
			children = (
				2D381BE72A45CCE70099B3EA /* PickerPlus */,
				2D381BE62A45CCE70099B3EA /* Products */,
			);
			sourceTree = "<group>";
		};
		2D381BE62A45CCE70099B3EA /* Products */ = {
			isa = PBXGroup;
			children = (
				2D381BE52A45CCE70099B3EA /* PickerPlus.app */,
			);
			name = Products;
			sourceTree = "<group>";
		};
		2D381BE72A45CCE70099B3EA /* PickerPlus */ = {
			isa = PBXGroup;
			children = (
				2D381BE82A45CCE70099B3EA /* LearnSwiftApp.swift */,
				2D608A5D2A45D96700C1ED08 /* ContentView.swift */,
				2D381BF62A45CCF30099B3EA /* PickerPlus.swift */,
				2D381C002A45CD800099B3EA /* HorizontalItem.swift */,
				2D381BFE2A45CD6C0099B3EA /* MusicTabs.swift */,
				2D381BFA2A45CD1F0099B3EA /* Shape+FillBorder.swift */,
				2D381BF82A45CD1F0099B3EA /* MusicTabs+Color.swift */,
				2D381BF92A45CD1F0099B3EA /* MusicTabs+Image.swift */,
				2D381BEC2A45CCE90099B3EA /* Assets.xcassets */,
				2D381BEE2A45CCE90099B3EA /* Preview Content */,
			);
			path = PickerPlus;
			sourceTree = "<group>";
		};
		2D381BEE2A45CCE90099B3EA /* Preview Content */ = {
			isa = PBXGroup;
			children = (
				2D381BEF2A45CCE90099B3EA /* Preview Assets.xcassets */,
			);
			path = "Preview Content";
			sourceTree = "<group>";
		};
/* End PBXGroup section */

/* Begin PBXNativeTarget section */
		2D381BE42A45CCE70099B3EA /* PickerPlus */ = {
			isa = PBXNativeTarget;
			buildConfigurationList = 2D381BF32A45CCE90099B3EA /* Build configuration list for PBXNativeTarget "PickerPlus" */;
			buildPhases = (
				2D381BE12A45CCE70099B3EA /* Sources */,
				2D381BE22A45CCE70099B3EA /* Frameworks */,
				2D381BE32A45CCE70099B3EA /* Resources */,
			);
			buildRules = (
			);
			dependencies = (
			);
			name = PickerPlus;
			productName = LearnSwift;
			productReference = 2D381BE52A45CCE70099B3EA /* PickerPlus.app */;
			productType = "com.apple.product-type.application";
		};
/* End PBXNativeTarget section */

/* Begin PBXProject section */
		2D381BDD2A45CCE70099B3EA /* Project object */ = {
			isa = PBXProject;
			attributes = {
				BuildIndependentTargetsInParallel = 1;
				LastSwiftUpdateCheck = 1430;
				LastUpgradeCheck = 1430;
				TargetAttributes = {
					2D381BE42A45CCE70099B3EA = {
						CreatedOnToolsVersion = 14.3.1;
					};
				};
			};
			buildConfigurationList = 2D381BE02A45CCE70099B3EA /* Build configuration list for PBXProject "PickerPlus" */;
			compatibilityVersion = "Xcode 14.0";
			developmentRegion = en;
			hasScannedForEncodings = 0;
			knownRegions = (
				en,
				Base,
			);
			mainGroup = 2D381BDC2A45CCE70099B3EA;
			productRefGroup = 2D381BE62A45CCE70099B3EA /* Products */;
			projectDirPath = "";
			projectRoot = "";
			targets = (
				2D381BE42A45CCE70099B3EA /* PickerPlus */,
			);
		};
/* End PBXProject section */

/* Begin PBXResourcesBuildPhase section */
		2D381BE32A45CCE70099B3EA /* Resources */ = {
			isa = PBXResourcesBuildPhase;
			buildActionMask = 2147483647;
			files = (
				2D381BF02A45CCE90099B3EA /* Preview Assets.xcassets in Resources */,
				2D381BED2A45CCE90099B3EA /* Assets.xcassets in Resources */,
			);
			runOnlyForDeploymentPostprocessing = 0;
		};
/* End PBXResourcesBuildPhase section */

/* Begin PBXSourcesBuildPhase section */
		2D381BE12A45CCE70099B3EA /* Sources */ = {
			isa = PBXSourcesBuildPhase;
			buildActionMask = 2147483647;
			files = (
				2D381BFD2A45CD1F0099B3EA /* Shape+FillBorder.swift in Sources */,
				2D381BFB2A45CD1F0099B3EA /* MusicTabs+Color.swift in Sources */,
				2D608A5E2A45D96700C1ED08 /* ContentView.swift in Sources */,
				2D381BFC2A45CD1F0099B3EA /* MusicTabs+Image.swift in Sources */,
				2D381BF72A45CCF30099B3EA /* PickerPlus.swift in Sources */,
				2D381BFF2A45CD6C0099B3EA /* MusicTabs.swift in Sources */,
				2D381C012A45CD800099B3EA /* HorizontalItem.swift in Sources */,
				2D381BE92A45CCE70099B3EA /* LearnSwiftApp.swift in Sources */,
			);
			runOnlyForDeploymentPostprocessing = 0;
		};
/* End PBXSourcesBuildPhase section */

/* Begin XCBuildConfiguration section */
		2D381BF12A45CCE90099B3EA /* Debug */ = {
			isa = XCBuildConfiguration;
			buildSettings = {
				ALWAYS_SEARCH_USER_PATHS = NO;
				CLANG_ANALYZER_NONNULL = YES;
				CLANG_ANALYZER_NUMBER_OBJECT_CONVERSION = YES_AGGRESSIVE;
				CLANG_CXX_LANGUAGE_STANDARD = "gnu++20";
				CLANG_ENABLE_MODULES = YES;
				CLANG_ENABLE_OBJC_ARC = YES;
				CLANG_ENABLE_OBJC_WEAK = YES;
				CLANG_WARN_BLOCK_CAPTURE_AUTORELEASING = YES;
				CLANG_WARN_BOOL_CONVERSION = YES;
				CLANG_WARN_COMMA = YES;
				CLANG_WARN_CONSTANT_CONVERSION = YES;
				CLANG_WARN_DEPRECATED_OBJC_IMPLEMENTATIONS = YES;
				CLANG_WARN_DIRECT_OBJC_ISA_USAGE = YES_ERROR;
				CLANG_WARN_DOCUMENTATION_COMMENTS = YES;
				CLANG_WARN_EMPTY_BODY = YES;
				CLANG_WARN_ENUM_CONVERSION = YES;
				CLANG_WARN_INFINITE_RECURSION = YES;
				CLANG_WARN_INT_CONVERSION = YES;
				CLANG_WARN_NON_LITERAL_NULL_CONVERSION = YES;
				CLANG_WARN_OBJC_IMPLICIT_RETAIN_SELF = YES;
				CLANG_WARN_OBJC_LITERAL_CONVERSION = YES;
				CLANG_WARN_OBJC_ROOT_CLASS = YES_ERROR;
				CLANG_WARN_QUOTED_INCLUDE_IN_FRAMEWORK_HEADER = YES;
				CLANG_WARN_RANGE_LOOP_ANALYSIS = YES;
				CLANG_WARN_STRICT_PROTOTYPES = YES;
				CLANG_WARN_SUSPICIOUS_MOVE = YES;
				CLANG_WARN_UNGUARDED_AVAILABILITY = YES_AGGRESSIVE;
				CLANG_WARN_UNREACHABLE_CODE = YES;
				CLANG_WARN__DUPLICATE_METHOD_MATCH = YES;
				COPY_PHASE_STRIP = NO;
				DEBUG_INFORMATION_FORMAT = dwarf;
				ENABLE_STRICT_OBJC_MSGSEND = YES;
				ENABLE_TESTABILITY = YES;
				GCC_C_LANGUAGE_STANDARD = gnu11;
				GCC_DYNAMIC_NO_PIC = NO;
				GCC_NO_COMMON_BLOCKS = YES;
				GCC_OPTIMIZATION_LEVEL = 0;
				GCC_PREPROCESSOR_DEFINITIONS = (
					"DEBUG=1",
					"$(inherited)",
				);
				GCC_WARN_64_TO_32_BIT_CONVERSION = YES;
				GCC_WARN_ABOUT_RETURN_TYPE = YES_ERROR;
				GCC_WARN_UNDECLARED_SELECTOR = YES;
				GCC_WARN_UNINITIALIZED_AUTOS = YES_AGGRESSIVE;
				GCC_WARN_UNUSED_FUNCTION = YES;
				GCC_WARN_UNUSED_VARIABLE = YES;
				IPHONEOS_DEPLOYMENT_TARGET = 16.4;
				MTL_ENABLE_DEBUG_INFO = INCLUDE_SOURCE;
				MTL_FAST_MATH = YES;
				ONLY_ACTIVE_ARCH = YES;
				SDKROOT = iphoneos;
				SWIFT_ACTIVE_COMPILATION_CONDITIONS = DEBUG;
				SWIFT_OPTIMIZATION_LEVEL = "-Onone";
			};
			name = Debug;
		};
		2D381BF22A45CCE90099B3EA /* Release */ = {
			isa = XCBuildConfiguration;
			buildSettings = {
				ALWAYS_SEARCH_USER_PATHS = NO;
				CLANG_ANALYZER_NONNULL = YES;
				CLANG_ANALYZER_NUMBER_OBJECT_CONVERSION = YES_AGGRESSIVE;
				CLANG_CXX_LANGUAGE_STANDARD = "gnu++20";
				CLANG_ENABLE_MODULES = YES;
				CLANG_ENABLE_OBJC_ARC = YES;
				CLANG_ENABLE_OBJC_WEAK = YES;
				CLANG_WARN_BLOCK_CAPTURE_AUTORELEASING = YES;
				CLANG_WARN_BOOL_CONVERSION = YES;
				CLANG_WARN_COMMA = YES;
				CLANG_WARN_CONSTANT_CONVERSION = YES;
				CLANG_WARN_DEPRECATED_OBJC_IMPLEMENTATIONS = YES;
				CLANG_WARN_DIRECT_OBJC_ISA_USAGE = YES_ERROR;
				CLANG_WARN_DOCUMENTATION_COMMENTS = YES;
				CLANG_WARN_EMPTY_BODY = YES;
				CLANG_WARN_ENUM_CONVERSION = YES;
				CLANG_WARN_INFINITE_RECURSION = YES;
				CLANG_WARN_INT_CONVERSION = YES;
				CLANG_WARN_NON_LITERAL_NULL_CONVERSION = YES;
				CLANG_WARN_OBJC_IMPLICIT_RETAIN_SELF = YES;
				CLANG_WARN_OBJC_LITERAL_CONVERSION = YES;
				CLANG_WARN_OBJC_ROOT_CLASS = YES_ERROR;
				CLANG_WARN_QUOTED_INCLUDE_IN_FRAMEWORK_HEADER = YES;
				CLANG_WARN_RANGE_LOOP_ANALYSIS = YES;
				CLANG_WARN_STRICT_PROTOTYPES = YES;
				CLANG_WARN_SUSPICIOUS_MOVE = YES;
				CLANG_WARN_UNGUARDED_AVAILABILITY = YES_AGGRESSIVE;
				CLANG_WARN_UNREACHABLE_CODE = YES;
				CLANG_WARN__DUPLICATE_METHOD_MATCH = YES;
				COPY_PHASE_STRIP = NO;
				DEBUG_INFORMATION_FORMAT = "dwarf-with-dsym";
				ENABLE_NS_ASSERTIONS = NO;
				ENABLE_STRICT_OBJC_MSGSEND = YES;
				GCC_C_LANGUAGE_STANDARD = gnu11;
				GCC_NO_COMMON_BLOCKS = YES;
				GCC_WARN_64_TO_32_BIT_CONVERSION = YES;
				GCC_WARN_ABOUT_RETURN_TYPE = YES_ERROR;
				GCC_WARN_UNDECLARED_SELECTOR = YES;
				GCC_WARN_UNINITIALIZED_AUTOS = YES_AGGRESSIVE;
				GCC_WARN_UNUSED_FUNCTION = YES;
				GCC_WARN_UNUSED_VARIABLE = YES;
				IPHONEOS_DEPLOYMENT_TARGET = 16.4;
				MTL_ENABLE_DEBUG_INFO = NO;
				MTL_FAST_MATH = YES;
				SDKROOT = iphoneos;
				SWIFT_COMPILATION_MODE = wholemodule;
				SWIFT_OPTIMIZATION_LEVEL = "-O";
				VALIDATE_PRODUCT = YES;
			};
			name = Release;
		};
		2D381BF42A45CCE90099B3EA /* Debug */ = {
			isa = XCBuildConfiguration;
			buildSettings = {
				ASSETCATALOG_COMPILER_APPICON_NAME = AppIcon;
				ASSETCATALOG_COMPILER_GLOBAL_ACCENT_COLOR_NAME = AccentColor;
				CODE_SIGN_STYLE = Automatic;
				CURRENT_PROJECT_VERSION = 1;
				DEVELOPMENT_ASSET_PATHS = "\"PickerPlus/Preview Content\"";
				DEVELOPMENT_TEAM = L3UA46DS39;
				ENABLE_PREVIEWS = YES;
				GENERATE_INFOPLIST_FILE = YES;
				INFOPLIST_KEY_UIApplicationSceneManifest_Generation = YES;
				INFOPLIST_KEY_UIApplicationSupportsIndirectInputEvents = YES;
				INFOPLIST_KEY_UILaunchScreen_Generation = YES;
				INFOPLIST_KEY_UISupportedInterfaceOrientations_iPad = "UIInterfaceOrientationPortrait UIInterfaceOrientationPortraitUpsideDown UIInterfaceOrientationLandscapeLeft UIInterfaceOrientationLandscapeRight";
				INFOPLIST_KEY_UISupportedInterfaceOrientations_iPhone = "UIInterfaceOrientationPortrait UIInterfaceOrientationLandscapeLeft UIInterfaceOrientationLandscapeRight";
				LD_RUNPATH_SEARCH_PATHS = (
					"$(inherited)",
					"@executable_path/Frameworks",
				);
				MARKETING_VERSION = 1.0;
				PRODUCT_BUNDLE_IDENTIFIER = com.buildsucceeded.PickerPlus;
				PRODUCT_NAME = "$(TARGET_NAME)";
				SUPPORTED_PLATFORMS = "iphoneos iphonesimulator";
				SUPPORTS_MACCATALYST = NO;
				SUPPORTS_MAC_DESIGNED_FOR_IPHONE_IPAD = NO;
				SWIFT_EMIT_LOC_STRINGS = YES;
				SWIFT_VERSION = 5.0;
				TARGETED_DEVICE_FAMILY = 1;
			};
			name = Debug;
		};
		2D381BF52A45CCE90099B3EA /* Release */ = {
			isa = XCBuildConfiguration;
			buildSettings = {
				ASSETCATALOG_COMPILER_APPICON_NAME = AppIcon;
				ASSETCATALOG_COMPILER_GLOBAL_ACCENT_COLOR_NAME = AccentColor;
				CODE_SIGN_STYLE = Automatic;
				CURRENT_PROJECT_VERSION = 1;
				DEVELOPMENT_ASSET_PATHS = "\"PickerPlus/Preview Content\"";
				DEVELOPMENT_TEAM = L3UA46DS39;
				ENABLE_PREVIEWS = YES;
				GENERATE_INFOPLIST_FILE = YES;
				INFOPLIST_KEY_UIApplicationSceneManifest_Generation = YES;
				INFOPLIST_KEY_UIApplicationSupportsIndirectInputEvents = YES;
				INFOPLIST_KEY_UILaunchScreen_Generation = YES;
				INFOPLIST_KEY_UISupportedInterfaceOrientations_iPad = "UIInterfaceOrientationPortrait UIInterfaceOrientationPortraitUpsideDown UIInterfaceOrientationLandscapeLeft UIInterfaceOrientationLandscapeRight";
				INFOPLIST_KEY_UISupportedInterfaceOrientations_iPhone = "UIInterfaceOrientationPortrait UIInterfaceOrientationLandscapeLeft UIInterfaceOrientationLandscapeRight";
				LD_RUNPATH_SEARCH_PATHS = (
					"$(inherited)",
					"@executable_path/Frameworks",
				);
				MARKETING_VERSION = 1.0;
				PRODUCT_BUNDLE_IDENTIFIER = com.buildsucceeded.PickerPlus;
				PRODUCT_NAME = "$(TARGET_NAME)";
				SUPPORTED_PLATFORMS = "iphoneos iphonesimulator";
				SUPPORTS_MACCATALYST = NO;
				SUPPORTS_MAC_DESIGNED_FOR_IPHONE_IPAD = NO;
				SWIFT_EMIT_LOC_STRINGS = YES;
				SWIFT_VERSION = 5.0;
				TARGETED_DEVICE_FAMILY = 1;
			};
			name = Release;
		};
/* End XCBuildConfiguration section */

/* Begin XCConfigurationList section */
		2D381BE02A45CCE70099B3EA /* Build configuration list for PBXProject "PickerPlus" */ = {
			isa = XCConfigurationList;
			buildConfigurations = (
				2D381BF12A45CCE90099B3EA /* Debug */,
				2D381BF22A45CCE90099B3EA /* Release */,
			);
			defaultConfigurationIsVisible = 0;
			defaultConfigurationName = Release;
		};
		2D381BF32A45CCE90099B3EA /* Build configuration list for PBXNativeTarget "PickerPlus" */ = {
			isa = XCConfigurationList;
			buildConfigurations = (
				2D381BF42A45CCE90099B3EA /* Debug */,
				2D381BF52A45CCE90099B3EA /* Release */,
			);
			defaultConfigurationIsVisible = 0;
			defaultConfigurationName = Release;
		};
/* End XCConfigurationList section */
	};
	rootObject = 2D381BDD2A45CCE70099B3EA /* Project object */;
}
